
Microsoft Visual Studio Solution File, Format Version 12.00
# Visual Studio Version 16
VisualStudioVersion = 16.0.31025.194
MinimumVisualStudioVersion = 10.0.40219.1
Project("{8BC9CEB8-8B4A-11D0-8D11-00A0C91BC942}") = "test8bf", "..\test8bf\test8bf.vcxproj", "{2CB23A46-3D28-40C5-A5A5-10A24A7F6B86}"
EndProject
Global
	GlobalSection(SolutionConfigurationPlatforms) = preSolution
		Debug|x64 = Debug|x64
		Debug|x86 = Debug|x86
		Release|x64 = Release|x64
		Release|x86 = Release|x86
	EndGlobalSection
	GlobalSection(ProjectConfigurationPlatforms) = postSolution
		{2CB23A46-3D28-40C5-A5A5-10A24A7F6B86}.Debug|x64.ActiveCfg = Debug|x64
		{2CB23A46-3D28-40C5-A5A5-10A24A7F6B86}.Debug|x64.Build.0 = Debug|x64
		{2CB23A46-3D28-40C5-A5A5-10A24A7F6B86}.Debug|x86.ActiveCfg = Debug|Win32
		{2CB23A46-3D28-40C5-A5A5-10A24A7F6B86}.Debug|x86.Build.0 = Debug|Win32
		{2CB23A46-3D28-40C5-A5A5-10A24A7F6B86}.Release|x64.ActiveCfg = Release|x64
		{2CB23A46-3D28-40C5-A5A5-10A24A7F6B86}.Release|x64.Build.0 = Release|x64
		{2CB23A46-3D28-40C5-A5A5-10A24A7F6B86}.Release|x86.ActiveCfg = Release|Win32
		{2CB23A46-3D28-40C5-A5A5-10A24A7F6B86}.Release|x86.Build.0 = Release|Win32
	EndGlobalSection
	GlobalSection(SolutionProperties) = preSolution
		HideSolutionNode = FALSE
	EndGlobalSection
	GlobalSection(ExtensibilityGlobals) = postSolution
		SolutionGuid = {DCEC0423-C87A-4765-B5CB-1B2DEE6580BD}
	EndGlobalSection
EndGlobal
